
Microsoft Visual Studio Solution File, Format Version 12.00
# Visual Studio Version 16
VisualStudioVersion = 16.0.810.7
MinimumVisualStudioVersion = 10.0.40219.1
Project("{FAE04EC0-301F-11D3-BF4B-00C04F79EFBC}") = "FunWithQuizes-InheritanceStudio", "FunWithQuizes-InheritanceStudio\FunWithQuizes-InheritanceStudio.csproj", "{107A43A4-E2AC-48D2-977E-D1C3AE088E4D}"
EndProject
Global
	GlobalSection(SolutionConfigurationPlatforms) = preSolution
		Debug|Any CPU = Debug|Any CPU
		Release|Any CPU = Release|Any CPU
	EndGlobalSection
	GlobalSection(ProjectConfigurationPlatforms) = postSolution
		{107A43A4-E2AC-48D2-977E-D1C3AE088E4D}.Debug|Any CPU.ActiveCfg = Debug|Any CPU
		{107A43A4-E2AC-48D2-977E-D1C3AE088E4D}.Debug|Any CPU.Build.0 = Debug|Any CPU
		{107A43A4-E2AC-48D2-977E-D1C3AE088E4D}.Release|Any CPU.ActiveCfg = Release|Any CPU
		{107A43A4-E2AC-48D2-977E-D1C3AE088E4D}.Release|Any CPU.Build.0 = Release|Any CPU
	EndGlobalSection
	GlobalSection(SolutionProperties) = preSolution
		HideSolutionNode = FALSE
	EndGlobalSection
	GlobalSection(ExtensibilityGlobals) = postSolution
		SolutionGuid = {4A096463-D95E-4891-8ACD-6F5AA68B905D}
	EndGlobalSection
EndGlobal
